
Microsoft Visual Studio Solution File, Format Version 12.00
# Visual Studio Version 16
VisualStudioVersion = 16.0.31702.278
MinimumVisualStudioVersion = 10.0.40219.1
Project("{FAE04EC0-301F-11D3-BF4B-00C04F79EFBC}") = "Wpf_lab18", "Wpf_lab18\Wpf_lab18.csproj", "{1AA079CF-842D-4D54-8506-22958EDC2843}"
EndProject
Global
	GlobalSection(SolutionConfigurationPlatforms) = preSolution
		Debug|Any CPU = Debug|Any CPU
		Release|Any CPU = Release|Any CPU
	EndGlobalSection
	GlobalSection(ProjectConfigurationPlatforms) = postSolution
		{1AA079CF-842D-4D54-8506-22958EDC2843}.Debug|Any CPU.ActiveCfg = Debug|Any CPU
		{1AA079CF-842D-4D54-8506-22958EDC2843}.Debug|Any CPU.Build.0 = Debug|Any CPU
		{1AA079CF-842D-4D54-8506-22958EDC2843}.Release|Any CPU.ActiveCfg = Release|Any CPU
		{1AA079CF-842D-4D54-8506-22958EDC2843}.Release|Any CPU.Build.0 = Release|Any CPU
	EndGlobalSection
	GlobalSection(SolutionProperties) = preSolution
		HideSolutionNode = FALSE
	EndGlobalSection
	GlobalSection(ExtensibilityGlobals) = postSolution
		SolutionGuid = {6D276812-B521-441E-BB5E-375525BF0FF6}
	EndGlobalSection
EndGlobal
